{
  "requires": true,
  "lockfileVersion": 1,
  "dependencies": {
    "@hitc/netsuite-types": {
      "version": "2019.1.9",
      "resolved": "https://registry.npmjs.org/@hitc/netsuite-types/-/netsuite-types-2019.1.9.tgz",
      "integrity": "sha512-EddlZROmy/epga/edce3Rw3M8gZJFwGIcI8C2dLPsNST5+BhI/YCVstueWDxqLd51NTkT18lfLMDCbaBwcrD9g==",
      "dev": true
    }
  }
}
